
Microsoft Visual Studio Solution File, Format Version 12.00
# Visual Studio 15
VisualStudioVersion = 15.0.28307.421
MinimumVisualStudioVersion = 10.0.40219.1
Project("{FAE04EC0-301F-11D3-BF4B-00C04F79EFBC}") = "OtelReservation", "OtelReservation\OtelReservation.csproj", "{FE6207D0-58C6-423F-9347-641161B24C31}"
EndProject
Global
	GlobalSection(SolutionConfigurationPlatforms) = preSolution
		Debug|Any CPU = Debug|Any CPU
		Release|Any CPU = Release|Any CPU
	EndGlobalSection
	GlobalSection(ProjectConfigurationPlatforms) = postSolution
		{FE6207D0-58C6-423F-9347-641161B24C31}.Debug|Any CPU.ActiveCfg = Debug|Any CPU
		{FE6207D0-58C6-423F-9347-641161B24C31}.Debug|Any CPU.Build.0 = Debug|Any CPU
		{FE6207D0-58C6-423F-9347-641161B24C31}.Release|Any CPU.ActiveCfg = Release|Any CPU
		{FE6207D0-58C6-423F-9347-641161B24C31}.Release|Any CPU.Build.0 = Release|Any CPU
	EndGlobalSection
	GlobalSection(SolutionProperties) = preSolution
		HideSolutionNode = FALSE
	EndGlobalSection
	GlobalSection(ExtensibilityGlobals) = postSolution
		SolutionGuid = {A8C7EA80-7F9A-4441-A073-CFC3E3183749}
	EndGlobalSection
	GlobalSection(TeamFoundationVersionControl) = preSolution
		SccNumberOfProjects = 2
		SccEnterpriseProvider = {4CA58AB2-18FA-4F8D-95D4-32DDF27D184C}
		SccTeamFoundationServer = https://dev.azure.com/trojanlar
		SccLocalPath0 = .
		SccProjectUniqueName1 = OtelReservation\\OtelReservation.csproj
		SccProjectName1 = OtelReservation
		SccLocalPath1 = OtelReservation
	EndGlobalSection
EndGlobal
